
Microsoft Visual Studio Solution File, Format Version 12.00
# Visual Studio Version 17
VisualStudioVersion = 17.10.35004.147
MinimumVisualStudioVersion = 10.0.40219.1
Project("{FAE04EC0-301F-11D3-BF4B-00C04F79EFBC}") = "Practice", "Practice\Practice.csproj", "{FD3AE3D9-2E02-402D-8FAF-1373DA579262}"
EndProject
Global
	GlobalSection(SolutionConfigurationPlatforms) = preSolution
		Debug|Any CPU = Debug|Any CPU
		Release|Any CPU = Release|Any CPU
	EndGlobalSection
	GlobalSection(ProjectConfigurationPlatforms) = postSolution
		{FD3AE3D9-2E02-402D-8FAF-1373DA579262}.Debug|Any CPU.ActiveCfg = Debug|Any CPU
		{FD3AE3D9-2E02-402D-8FAF-1373DA579262}.Debug|Any CPU.Build.0 = Debug|Any CPU
		{FD3AE3D9-2E02-402D-8FAF-1373DA579262}.Release|Any CPU.ActiveCfg = Release|Any CPU
		{FD3AE3D9-2E02-402D-8FAF-1373DA579262}.Release|Any CPU.Build.0 = Release|Any CPU
	EndGlobalSection
	GlobalSection(SolutionProperties) = preSolution
		HideSolutionNode = FALSE
	EndGlobalSection
	GlobalSection(ExtensibilityGlobals) = postSolution
		SolutionGuid = {CCA0FDAA-3400-40A1-9E01-33BDDC80B487}
	EndGlobalSection
EndGlobal
